
Microsoft Visual Studio Solution File, Format Version 11.00
# Visual Studio 2010
Project("{FAE04EC0-301F-11D3-BF4B-00C04F79EFBC}") = "UnityEngine.TestRunner", "UnityEngine.TestRunner.csproj", "{e8861fba-0921-2a05-91d8-3e9a5900f22e}"
EndProject
Project("{FAE04EC0-301F-11D3-BF4B-00C04F79EFBC}") = "UnityEngine.UI", "UnityEngine.UI.csproj", "{ea1a06c1-2ebf-d057-daf7-bf26bed6567d}"
EndProject
Project("{FAE04EC0-301F-11D3-BF4B-00C04F79EFBC}") = "Unity.TextMeshPro", "Unity.TextMeshPro.csproj", "{af9bbed1-3895-2490-f4f8-705fc7488d3a}"
EndProject
Project("{FAE04EC0-301F-11D3-BF4B-00C04F79EFBC}") = "Unity.2D.Animation.Runtime", "Unity.2D.Animation.Runtime.csproj", "{b080c7a3-d249-4cd7-8291-23a9c49c399e}"
EndProject
Project("{FAE04EC0-301F-11D3-BF4B-00C04F79EFBC}") = "Unity.Timeline", "Unity.Timeline.csproj", "{5f5491f0-2e02-2168-8806-9f069dc2419b}"
EndProject
Project("{FAE04EC0-301F-11D3-BF4B-00C04F79EFBC}") = "Cinemachine", "Cinemachine.csproj", "{26290605-ff39-e336-6981-ac8c73149e1d}"
EndProject
Project("{FAE04EC0-301F-11D3-BF4B-00C04F79EFBC}") = "Unity.Mathematics", "Unity.Mathematics.csproj", "{d40f3834-e7e4-17c0-a578-bbbe35b22756}"
EndProject
Project("{FAE04EC0-301F-11D3-BF4B-00C04F79EFBC}") = "Unity.2D.SpriteShape.Runtime", "Unity.2D.SpriteShape.Runtime.csproj", "{8d5f58a4-cf2b-2e00-2436-60c6169629f9}"
EndProject
Project("{FAE04EC0-301F-11D3-BF4B-00C04F79EFBC}") = "Unity.2D.PixelPerfect", "Unity.2D.PixelPerfect.csproj", "{078f1cb2-5e68-9271-97ce-9ea68e9a313c}"
EndProject
Project("{FAE04EC0-301F-11D3-BF4B-00C04F79EFBC}") = "Assembly-CSharp", "Assembly-CSharp.csproj", "{1b029a8d-c78e-4512-630b-0e6638cd48d0}"
EndProject
Project("{FAE04EC0-301F-11D3-BF4B-00C04F79EFBC}") = "Unity.InternalAPIEngineBridge.001", "Unity.InternalAPIEngineBridge.001.csproj", "{101fe34c-48dd-a020-16f5-b4ecb3458567}"
EndProject
Project("{FAE04EC0-301F-11D3-BF4B-00C04F79EFBC}") = "Unity.2D.Common.Runtime", "Unity.2D.Common.Runtime.csproj", "{a961a07a-f4e9-2aa0-8977-cc51ba20f32a}"
EndProject
Project("{FAE04EC0-301F-11D3-BF4B-00C04F79EFBC}") = "UnityEditor.TestRunner", "UnityEditor.TestRunner.csproj", "{e947ff27-3df8-42ed-8b13-09a772573f5e}"
EndProject
Project("{FAE04EC0-301F-11D3-BF4B-00C04F79EFBC}") = "Unity.VisualStudio.Editor", "Unity.VisualStudio.Editor.csproj", "{bd71d985-e94d-20ed-3526-477c0af83b53}"
EndProject
Project("{FAE04EC0-301F-11D3-BF4B-00C04F79EFBC}") = "Unity.TextMeshPro.Editor", "Unity.TextMeshPro.Editor.csproj", "{db0ae48d-295a-663b-7dad-58e9d4a0ebe2}"
EndProject
Project("{FAE04EC0-301F-11D3-BF4B-00C04F79EFBC}") = "Unity.Timeline.Editor", "Unity.Timeline.Editor.csproj", "{0947a0c9-f18e-85ee-37c9-13ea67de5224}"
EndProject
Project("{FAE04EC0-301F-11D3-BF4B-00C04F79EFBC}") = "Unity.PlasticSCM.Editor", "Unity.PlasticSCM.Editor.csproj", "{6bd5f501-97fb-f91a-8e73-e044c5fe2bca}"
EndProject
Project("{FAE04EC0-301F-11D3-BF4B-00C04F79EFBC}") = "Unity.2D.Animation.Triangle.Editor", "Unity.2D.Animation.Triangle.Editor.csproj", "{f863b1f7-f7b3-2baa-74bc-0e879a453b0d}"
EndProject
Project("{FAE04EC0-301F-11D3-BF4B-00C04F79EFBC}") = "Unity.2D.Animation.Editor", "Unity.2D.Animation.Editor.csproj", "{cd8aee99-7860-c131-a785-7e897ad21c51}"
EndProject
Project("{FAE04EC0-301F-11D3-BF4B-00C04F79EFBC}") = "Unity.2D.Path.Editor", "Unity.2D.Path.Editor.csproj", "{458badfd-bed8-c5b6-1fca-d7e64349ee0f}"
EndProject
Project("{FAE04EC0-301F-11D3-BF4B-00C04F79EFBC}") = "Unity.2D.Sprite.Editor", "Unity.2D.Sprite.Editor.csproj", "{debb3a37-b8d9-264a-e747-dea9d621b7cc}"
EndProject
Project("{FAE04EC0-301F-11D3-BF4B-00C04F79EFBC}") = "com.unity.cinemachine.editor", "com.unity.cinemachine.editor.csproj", "{e3355727-5671-c51c-32e8-b94495cb8c3b}"
EndProject
Project("{FAE04EC0-301F-11D3-BF4B-00C04F79EFBC}") = "UnityEditor.UI", "UnityEditor.UI.csproj", "{0301a4e8-4677-3328-27e3-7e28e7838390}"
EndProject
Project("{FAE04EC0-301F-11D3-BF4B-00C04F79EFBC}") = "Unity.Rider.Editor", "Unity.Rider.Editor.csproj", "{06e61bca-ba4a-06c4-999b-70af0c056ed0}"
EndProject
Project("{FAE04EC0-301F-11D3-BF4B-00C04F79EFBC}") = "Unity.2D.Tilemap.Editor", "Unity.2D.Tilemap.Editor.csproj", "{714e86c4-bca0-0f48-1608-bb27b8963fab}"
EndProject
Project("{FAE04EC0-301F-11D3-BF4B-00C04F79EFBC}") = "Unity.2D.SpriteShape.Editor", "Unity.2D.SpriteShape.Editor.csproj", "{a1123404-c4a1-390c-5a28-15d919b6a974}"
EndProject
Project("{FAE04EC0-301F-11D3-BF4B-00C04F79EFBC}") = "PsdPlugin", "PsdPlugin.csproj", "{cc68a670-6480-0770-f001-8b4ec17a8e48}"
EndProject
Project("{FAE04EC0-301F-11D3-BF4B-00C04F79EFBC}") = "Unity.CollabProxy.Editor", "Unity.CollabProxy.Editor.csproj", "{6f557ef2-d0ad-28fc-0b77-7565741a018f}"
EndProject
Project("{FAE04EC0-301F-11D3-BF4B-00C04F79EFBC}") = "Unity.VSCode.Editor", "Unity.VSCode.Editor.csproj", "{e5dcf892-0c8e-ddad-46f8-deb6074db084}"
EndProject
Project("{FAE04EC0-301F-11D3-BF4B-00C04F79EFBC}") = "Unity.2D.Common.Editor", "Unity.2D.Common.Editor.csproj", "{3f7958ca-96eb-0fba-ed06-87349292b5ba}"
EndProject
Project("{FAE04EC0-301F-11D3-BF4B-00C04F79EFBC}") = "Unity.2D.Psdimporter.Editor", "Unity.2D.Psdimporter.Editor.csproj", "{d7e8f9f0-00af-4890-dc91-3447f35c1847}"
EndProject
Project("{FAE04EC0-301F-11D3-BF4B-00C04F79EFBC}") = "Unity.2D.PixelPerfect.Editor", "Unity.2D.PixelPerfect.Editor.csproj", "{b672b837-7b68-b20d-0260-0c9faad2f17f}"
EndProject
Project("{FAE04EC0-301F-11D3-BF4B-00C04F79EFBC}") = "Unity.Mathematics.Editor", "Unity.Mathematics.Editor.csproj", "{59d2253b-96c1-c727-3e26-81e48f99f1ac}"
EndProject
Project("{FAE04EC0-301F-11D3-BF4B-00C04F79EFBC}") = "Unity.InternalAPIEditorBridge.001", "Unity.InternalAPIEditorBridge.001.csproj", "{c94433ef-1252-a07b-d999-8a918213bd1c}"
EndProject
Global
	GlobalSection(SolutionConfigurationPlatforms) = preSolution
		Debug|Any CPU = Debug|Any CPU
	EndGlobalSection
	GlobalSection(ProjectConfigurationPlatforms) = postSolution
		{e8861fba-0921-2a05-91d8-3e9a5900f22e}.Debug|Any CPU.ActiveCfg = Debug|Any CPU
		{e8861fba-0921-2a05-91d8-3e9a5900f22e}.Debug|Any CPU.Build.0 = Debug|Any CPU
		{ea1a06c1-2ebf-d057-daf7-bf26bed6567d}.Debug|Any CPU.ActiveCfg = Debug|Any CPU
		{ea1a06c1-2ebf-d057-daf7-bf26bed6567d}.Debug|Any CPU.Build.0 = Debug|Any CPU
		{af9bbed1-3895-2490-f4f8-705fc7488d3a}.Debug|Any CPU.ActiveCfg = Debug|Any CPU
		{af9bbed1-3895-2490-f4f8-705fc7488d3a}.Debug|Any CPU.Build.0 = Debug|Any CPU
		{b080c7a3-d249-4cd7-8291-23a9c49c399e}.Debug|Any CPU.ActiveCfg = Debug|Any CPU
		{b080c7a3-d249-4cd7-8291-23a9c49c399e}.Debug|Any CPU.Build.0 = Debug|Any CPU
		{5f5491f0-2e02-2168-8806-9f069dc2419b}.Debug|Any CPU.ActiveCfg = Debug|Any CPU
		{5f5491f0-2e02-2168-8806-9f069dc2419b}.Debug|Any CPU.Build.0 = Debug|Any CPU
		{26290605-ff39-e336-6981-ac8c73149e1d}.Debug|Any CPU.ActiveCfg = Debug|Any CPU
		{26290605-ff39-e336-6981-ac8c73149e1d}.Debug|Any CPU.Build.0 = Debug|Any CPU
		{d40f3834-e7e4-17c0-a578-bbbe35b22756}.Debug|Any CPU.ActiveCfg = Debug|Any CPU
		{d40f3834-e7e4-17c0-a578-bbbe35b22756}.Debug|Any CPU.Build.0 = Debug|Any CPU
		{8d5f58a4-cf2b-2e00-2436-60c6169629f9}.Debug|Any CPU.ActiveCfg = Debug|Any CPU
		{8d5f58a4-cf2b-2e00-2436-60c6169629f9}.Debug|Any CPU.Build.0 = Debug|Any CPU
		{078f1cb2-5e68-9271-97ce-9ea68e9a313c}.Debug|Any CPU.ActiveCfg = Debug|Any CPU
		{078f1cb2-5e68-9271-97ce-9ea68e9a313c}.Debug|Any CPU.Build.0 = Debug|Any CPU
		{1b029a8d-c78e-4512-630b-0e6638cd48d0}.Debug|Any CPU.ActiveCfg = Debug|Any CPU
		{1b029a8d-c78e-4512-630b-0e6638cd48d0}.Debug|Any CPU.Build.0 = Debug|Any CPU
		{101fe34c-48dd-a020-16f5-b4ecb3458567}.Debug|Any CPU.ActiveCfg = Debug|Any CPU
		{101fe34c-48dd-a020-16f5-b4ecb3458567}.Debug|Any CPU.Build.0 = Debug|Any CPU
		{a961a07a-f4e9-2aa0-8977-cc51ba20f32a}.Debug|Any CPU.ActiveCfg = Debug|Any CPU
		{a961a07a-f4e9-2aa0-8977-cc51ba20f32a}.Debug|Any CPU.Build.0 = Debug|Any CPU
		{e947ff27-3df8-42ed-8b13-09a772573f5e}.Debug|Any CPU.ActiveCfg = Debug|Any CPU
		{e947ff27-3df8-42ed-8b13-09a772573f5e}.Debug|Any CPU.Build.0 = Debug|Any CPU
		{bd71d985-e94d-20ed-3526-477c0af83b53}.Debug|Any CPU.ActiveCfg = Debug|Any CPU
		{bd71d985-e94d-20ed-3526-477c0af83b53}.Debug|Any CPU.Build.0 = Debug|Any CPU
		{db0ae48d-295a-663b-7dad-58e9d4a0ebe2}.Debug|Any CPU.ActiveCfg = Debug|Any CPU
		{db0ae48d-295a-663b-7dad-58e9d4a0ebe2}.Debug|Any CPU.Build.0 = Debug|Any CPU
		{0947a0c9-f18e-85ee-37c9-13ea67de5224}.Debug|Any CPU.ActiveCfg = Debug|Any CPU
		{0947a0c9-f18e-85ee-37c9-13ea67de5224}.Debug|Any CPU.Build.0 = Debug|Any CPU
		{6bd5f501-97fb-f91a-8e73-e044c5fe2bca}.Debug|Any CPU.ActiveCfg = Debug|Any CPU
		{6bd5f501-97fb-f91a-8e73-e044c5fe2bca}.Debug|Any CPU.Build.0 = Debug|Any CPU
		{f863b1f7-f7b3-2baa-74bc-0e879a453b0d}.Debug|Any CPU.ActiveCfg = Debug|Any CPU
		{f863b1f7-f7b3-2baa-74bc-0e879a453b0d}.Debug|Any CPU.Build.0 = Debug|Any CPU
		{cd8aee99-7860-c131-a785-7e897ad21c51}.Debug|Any CPU.ActiveCfg = Debug|Any CPU
		{cd8aee99-7860-c131-a785-7e897ad21c51}.Debug|Any CPU.Build.0 = Debug|Any CPU
		{458badfd-bed8-c5b6-1fca-d7e64349ee0f}.Debug|Any CPU.ActiveCfg = Debug|Any CPU
		{458badfd-bed8-c5b6-1fca-d7e64349ee0f}.Debug|Any CPU.Build.0 = Debug|Any CPU
		{debb3a37-b8d9-264a-e747-dea9d621b7cc}.Debug|Any CPU.ActiveCfg = Debug|Any CPU
		{debb3a37-b8d9-264a-e747-dea9d621b7cc}.Debug|Any CPU.Build.0 = Debug|Any CPU
		{e3355727-5671-c51c-32e8-b94495cb8c3b}.Debug|Any CPU.ActiveCfg = Debug|Any CPU
		{e3355727-5671-c51c-32e8-b94495cb8c3b}.Debug|Any CPU.Build.0 = Debug|Any CPU
		{0301a4e8-4677-3328-27e3-7e28e7838390}.Debug|Any CPU.ActiveCfg = Debug|Any CPU
		{0301a4e8-4677-3328-27e3-7e28e7838390}.Debug|Any CPU.Build.0 = Debug|Any CPU
		{06e61bca-ba4a-06c4-999b-70af0c056ed0}.Debug|Any CPU.ActiveCfg = Debug|Any CPU
		{06e61bca-ba4a-06c4-999b-70af0c056ed0}.Debug|Any CPU.Build.0 = Debug|Any CPU
		{714e86c4-bca0-0f48-1608-bb27b8963fab}.Debug|Any CPU.ActiveCfg = Debug|Any CPU
		{714e86c4-bca0-0f48-1608-bb27b8963fab}.Debug|Any CPU.Build.0 = Debug|Any CPU
		{a1123404-c4a1-390c-5a28-15d919b6a974}.Debug|Any CPU.ActiveCfg = Debug|Any CPU
		{a1123404-c4a1-390c-5a28-15d919b6a974}.Debug|Any CPU.Build.0 = Debug|Any CPU
		{cc68a670-6480-0770-f001-8b4ec17a8e48}.Debug|Any CPU.ActiveCfg = Debug|Any CPU
		{cc68a670-6480-0770-f001-8b4ec17a8e48}.Debug|Any CPU.Build.0 = Debug|Any CPU
		{6f557ef2-d0ad-28fc-0b77-7565741a018f}.Debug|Any CPU.ActiveCfg = Debug|Any CPU
		{6f557ef2-d0ad-28fc-0b77-7565741a018f}.Debug|Any CPU.Build.0 = Debug|Any CPU
		{e5dcf892-0c8e-ddad-46f8-deb6074db084}.Debug|Any CPU.ActiveCfg = Debug|Any CPU
		{e5dcf892-0c8e-ddad-46f8-deb6074db084}.Debug|Any CPU.Build.0 = Debug|Any CPU
		{3f7958ca-96eb-0fba-ed06-87349292b5ba}.Debug|Any CPU.ActiveCfg = Debug|Any CPU
		{3f7958ca-96eb-0fba-ed06-87349292b5ba}.Debug|Any CPU.Build.0 = Debug|Any CPU
		{d7e8f9f0-00af-4890-dc91-3447f35c1847}.Debug|Any CPU.ActiveCfg = Debug|Any CPU
		{d7e8f9f0-00af-4890-dc91-3447f35c1847}.Debug|Any CPU.Build.0 = Debug|Any CPU
		{b672b837-7b68-b20d-0260-0c9faad2f17f}.Debug|Any CPU.ActiveCfg = Debug|Any CPU
		{b672b837-7b68-b20d-0260-0c9faad2f17f}.Debug|Any CPU.Build.0 = Debug|Any CPU
		{59d2253b-96c1-c727-3e26-81e48f99f1ac}.Debug|Any CPU.ActiveCfg = Debug|Any CPU
		{59d2253b-96c1-c727-3e26-81e48f99f1ac}.Debug|Any CPU.Build.0 = Debug|Any CPU
		{c94433ef-1252-a07b-d999-8a918213bd1c}.Debug|Any CPU.ActiveCfg = Debug|Any CPU
		{c94433ef-1252-a07b-d999-8a918213bd1c}.Debug|Any CPU.Build.0 = Debug|Any CPU
	EndGlobalSection
	GlobalSection(SolutionProperties) = preSolution
		HideSolutionNode = FALSE
	EndGlobalSection
EndGlobal
